
Microsoft Visual Studio Solution File, Format Version 12.00
# Visual Studio Version 17
VisualStudioVersion = 17.0.31903.59
MinimumVisualStudioVersion = 10.0.40219.1
Project("{FAE04EC0-301F-11D3-BF4B-00C04F79EFBC}") = "ECommerce.Api", "ECommerce.Api\ECommerce.Api.csproj", "{BB631DCF-894A-4D30-8900-07676B11306F}"
EndProject
Project("{FAE04EC0-301F-11D3-BF4B-00C04F79EFBC}") = "ECommerce.Domain", "ECommerce.Domain\ECommerce.Domain.csproj", "{D64DBEEC-75F9-461C-8E33-9227913DE196}"
EndProject
Project("{FAE04EC0-301F-11D3-BF4B-00C04F79EFBC}") = "ECommerce.Infrastructure", "ECommerce.Infrastructure\ECommerce.Infrastructure.csproj", "{8FB5A774-8A7F-4BF6-9F36-7CC758E76225}"
EndProject
Project("{FAE04EC0-301F-11D3-BF4B-00C04F79EFBC}") = "ECommerce.Application", "ECommerce.Application\ECommerce.Application.csproj", "{31D5AECD-1A0D-47D5-BD3F-6C4D542C5782}"
EndProject
Global
	GlobalSection(SolutionConfigurationPlatforms) = preSolution
		Debug|Any CPU = Debug|Any CPU
		Release|Any CPU = Release|Any CPU
	EndGlobalSection
	GlobalSection(ProjectConfigurationPlatforms) = postSolution
		{BB631DCF-894A-4D30-8900-07676B11306F}.Debug|Any CPU.ActiveCfg = Debug|Any CPU
		{BB631DCF-894A-4D30-8900-07676B11306F}.Debug|Any CPU.Build.0 = Debug|Any CPU
		{BB631DCF-894A-4D30-8900-07676B11306F}.Release|Any CPU.ActiveCfg = Release|Any CPU
		{BB631DCF-894A-4D30-8900-07676B11306F}.Release|Any CPU.Build.0 = Release|Any CPU
		{D64DBEEC-75F9-461C-8E33-9227913DE196}.Debug|Any CPU.ActiveCfg = Debug|Any CPU
		{D64DBEEC-75F9-461C-8E33-9227913DE196}.Debug|Any CPU.Build.0 = Debug|Any CPU
		{D64DBEEC-75F9-461C-8E33-9227913DE196}.Release|Any CPU.ActiveCfg = Release|Any CPU
		{D64DBEEC-75F9-461C-8E33-9227913DE196}.Release|Any CPU.Build.0 = Release|Any CPU
		{8FB5A774-8A7F-4BF6-9F36-7CC758E76225}.Debug|Any CPU.ActiveCfg = Debug|Any CPU
		{8FB5A774-8A7F-4BF6-9F36-7CC758E76225}.Debug|Any CPU.Build.0 = Debug|Any CPU
		{8FB5A774-8A7F-4BF6-9F36-7CC758E76225}.Release|Any CPU.ActiveCfg = Release|Any CPU
		{8FB5A774-8A7F-4BF6-9F36-7CC758E76225}.Release|Any CPU.Build.0 = Release|Any CPU
		{31D5AECD-1A0D-47D5-BD3F-6C4D542C5782}.Debug|Any CPU.ActiveCfg = Debug|Any CPU
		{31D5AECD-1A0D-47D5-BD3F-6C4D542C5782}.Debug|Any CPU.Build.0 = Debug|Any CPU
		{31D5AECD-1A0D-47D5-BD3F-6C4D542C5782}.Release|Any CPU.ActiveCfg = Release|Any CPU
		{31D5AECD-1A0D-47D5-BD3F-6C4D542C5782}.Release|Any CPU.Build.0 = Release|Any CPU
	EndGlobalSection
	GlobalSection(SolutionProperties) = preSolution
		HideSolutionNode = FALSE
	EndGlobalSection
	GlobalSection(ExtensibilityGlobals) = postSolution
		SolutionGuid = {1655B914-A5AA-42E4-9925-DFF6895018A5}
	EndGlobalSection
EndGlobal
